
Microsoft Visual Studio Solution File, Format Version 12.00
# Visual Studio Version 17
VisualStudioVersion = 17.1.32414.318
MinimumVisualStudioVersion = 10.0.40219.1
Project("{8BC9CEB8-8B4A-11D0-8D11-00A0C91BC942}") = "2_31", "2_31\2_31.vcxproj", "{50AD36F5-DF1D-4906-B773-41749B9FB43D}"
EndProject
Global
	GlobalSection(SolutionConfigurationPlatforms) = preSolution
		Debug|x64 = Debug|x64
		Debug|x86 = Debug|x86
		Release|x64 = Release|x64
		Release|x86 = Release|x86
	EndGlobalSection
	GlobalSection(ProjectConfigurationPlatforms) = postSolution
		{50AD36F5-DF1D-4906-B773-41749B9FB43D}.Debug|x64.ActiveCfg = Debug|x64
		{50AD36F5-DF1D-4906-B773-41749B9FB43D}.Debug|x64.Build.0 = Debug|x64
		{50AD36F5-DF1D-4906-B773-41749B9FB43D}.Debug|x86.ActiveCfg = Debug|Win32
		{50AD36F5-DF1D-4906-B773-41749B9FB43D}.Debug|x86.Build.0 = Debug|Win32
		{50AD36F5-DF1D-4906-B773-41749B9FB43D}.Release|x64.ActiveCfg = Release|x64
		{50AD36F5-DF1D-4906-B773-41749B9FB43D}.Release|x64.Build.0 = Release|x64
		{50AD36F5-DF1D-4906-B773-41749B9FB43D}.Release|x86.ActiveCfg = Release|Win32
		{50AD36F5-DF1D-4906-B773-41749B9FB43D}.Release|x86.Build.0 = Release|Win32
	EndGlobalSection
	GlobalSection(SolutionProperties) = preSolution
		HideSolutionNode = FALSE
	EndGlobalSection
	GlobalSection(ExtensibilityGlobals) = postSolution
		SolutionGuid = {BAF1EAEE-B4F5-4940-BEE4-96FA8A6A8DB6}
	EndGlobalSection
EndGlobal
