
Microsoft Visual Studio Solution File, Format Version 12.00
# Visual Studio Version 17
VisualStudioVersion = 17.1.32414.318
MinimumVisualStudioVersion = 10.0.40219.1
Project("{8BC9CEB8-8B4A-11D0-8D11-00A0C91BC942}") = "4_15", "4_15\4_15.vcxproj", "{DD54F025-C66E-4AA9-B632-5357AD0CD0AC}"
EndProject
Global
	GlobalSection(SolutionConfigurationPlatforms) = preSolution
		Debug|x64 = Debug|x64
		Debug|x86 = Debug|x86
		Release|x64 = Release|x64
		Release|x86 = Release|x86
	EndGlobalSection
	GlobalSection(ProjectConfigurationPlatforms) = postSolution
		{DD54F025-C66E-4AA9-B632-5357AD0CD0AC}.Debug|x64.ActiveCfg = Debug|x64
		{DD54F025-C66E-4AA9-B632-5357AD0CD0AC}.Debug|x64.Build.0 = Debug|x64
		{DD54F025-C66E-4AA9-B632-5357AD0CD0AC}.Debug|x86.ActiveCfg = Debug|Win32
		{DD54F025-C66E-4AA9-B632-5357AD0CD0AC}.Debug|x86.Build.0 = Debug|Win32
		{DD54F025-C66E-4AA9-B632-5357AD0CD0AC}.Release|x64.ActiveCfg = Release|x64
		{DD54F025-C66E-4AA9-B632-5357AD0CD0AC}.Release|x64.Build.0 = Release|x64
		{DD54F025-C66E-4AA9-B632-5357AD0CD0AC}.Release|x86.ActiveCfg = Release|Win32
		{DD54F025-C66E-4AA9-B632-5357AD0CD0AC}.Release|x86.Build.0 = Release|Win32
	EndGlobalSection
	GlobalSection(SolutionProperties) = preSolution
		HideSolutionNode = FALSE
	EndGlobalSection
	GlobalSection(ExtensibilityGlobals) = postSolution
		SolutionGuid = {B8D0BF46-5429-47A0-ADF4-4EDE53DA26C8}
	EndGlobalSection
EndGlobal
