
Microsoft Visual Studio Solution File, Format Version 12.00
# Visual Studio Version 17
VisualStudioVersion = 17.1.32414.318
MinimumVisualStudioVersion = 10.0.40219.1
Project("{8BC9CEB8-8B4A-11D0-8D11-00A0C91BC942}") = "3_17", "3_17\3_17.vcxproj", "{CB7B7454-02A5-4549-AA18-EAAB844707D2}"
EndProject
Global
	GlobalSection(SolutionConfigurationPlatforms) = preSolution
		Debug|x64 = Debug|x64
		Debug|x86 = Debug|x86
		Release|x64 = Release|x64
		Release|x86 = Release|x86
	EndGlobalSection
	GlobalSection(ProjectConfigurationPlatforms) = postSolution
		{CB7B7454-02A5-4549-AA18-EAAB844707D2}.Debug|x64.ActiveCfg = Debug|x64
		{CB7B7454-02A5-4549-AA18-EAAB844707D2}.Debug|x64.Build.0 = Debug|x64
		{CB7B7454-02A5-4549-AA18-EAAB844707D2}.Debug|x86.ActiveCfg = Debug|Win32
		{CB7B7454-02A5-4549-AA18-EAAB844707D2}.Debug|x86.Build.0 = Debug|Win32
		{CB7B7454-02A5-4549-AA18-EAAB844707D2}.Release|x64.ActiveCfg = Release|x64
		{CB7B7454-02A5-4549-AA18-EAAB844707D2}.Release|x64.Build.0 = Release|x64
		{CB7B7454-02A5-4549-AA18-EAAB844707D2}.Release|x86.ActiveCfg = Release|Win32
		{CB7B7454-02A5-4549-AA18-EAAB844707D2}.Release|x86.Build.0 = Release|Win32
	EndGlobalSection
	GlobalSection(SolutionProperties) = preSolution
		HideSolutionNode = FALSE
	EndGlobalSection
	GlobalSection(ExtensibilityGlobals) = postSolution
		SolutionGuid = {975EFDF8-3036-4A20-8744-B5A999577565}
	EndGlobalSection
EndGlobal
